
Microsoft Visual Studio Solution File, Format Version 12.00
Project("{FAE04EC0-301F-11D3-BF4B-00C04F79EFBC}") = "Economy", "Economy\Economy.csproj", "{2D73E43A-37C3-4AD9-B36C-5FF41A009511}"
EndProject
Project("{FAE04EC0-301F-11D3-BF4B-00C04F79EFBC}") = "Economy.LiteDB", "Economy.LiteDB\Economy.LiteDB.csproj", "{3CD99193-6B1E-476E-956B-531DFC47ECD4}"
EndProject
Project("{FAE04EC0-301F-11D3-BF4B-00C04F79EFBC}") = "Economy.MySql", "Economy.MySql\Economy.MySql.csproj", "{C851B0A7-9A64-4C7F-8B23-F50B266DF51D}"
EndProject
Global
	GlobalSection(SolutionConfigurationPlatforms) = preSolution
		Debug|Any CPU = Debug|Any CPU
		Release|Any CPU = Release|Any CPU
	EndGlobalSection
	GlobalSection(ProjectConfigurationPlatforms) = postSolution
		{2D73E43A-37C3-4AD9-B36C-5FF41A009511}.Debug|Any CPU.ActiveCfg = Debug|Any CPU
		{2D73E43A-37C3-4AD9-B36C-5FF41A009511}.Debug|Any CPU.Build.0 = Debug|Any CPU
		{2D73E43A-37C3-4AD9-B36C-5FF41A009511}.Release|Any CPU.ActiveCfg = Release|Any CPU
		{2D73E43A-37C3-4AD9-B36C-5FF41A009511}.Release|Any CPU.Build.0 = Release|Any CPU
		{3CD99193-6B1E-476E-956B-531DFC47ECD4}.Debug|Any CPU.ActiveCfg = Debug|Any CPU
		{3CD99193-6B1E-476E-956B-531DFC47ECD4}.Debug|Any CPU.Build.0 = Debug|Any CPU
		{3CD99193-6B1E-476E-956B-531DFC47ECD4}.Release|Any CPU.ActiveCfg = Release|Any CPU
		{3CD99193-6B1E-476E-956B-531DFC47ECD4}.Release|Any CPU.Build.0 = Release|Any CPU
		{C851B0A7-9A64-4C7F-8B23-F50B266DF51D}.Debug|Any CPU.ActiveCfg = Debug|Any CPU
		{C851B0A7-9A64-4C7F-8B23-F50B266DF51D}.Debug|Any CPU.Build.0 = Debug|Any CPU
		{C851B0A7-9A64-4C7F-8B23-F50B266DF51D}.Release|Any CPU.ActiveCfg = Release|Any CPU
		{C851B0A7-9A64-4C7F-8B23-F50B266DF51D}.Release|Any CPU.Build.0 = Release|Any CPU
	EndGlobalSection
EndGlobal
