
Microsoft Visual Studio Solution File, Format Version 12.00
# Visual Studio Version 17
VisualStudioVersion = 17.0.31423.177
MinimumVisualStudioVersion = 10.0.40219.1
Project("{9A19103F-16F7-4668-BE54-9A1E7A4F7556}") = "ExperienceProvider", "ExperienceProvider\ExperienceProvider.csproj", "{A7D7DFFA-3F02-4148-A3D4-4D5B80B8C159}"
EndProject
Global
	GlobalSection(SolutionConfigurationPlatforms) = preSolution
		Debug|Any CPU = Debug|Any CPU
		Release|Any CPU = Release|Any CPU
	EndGlobalSection
	GlobalSection(ProjectConfigurationPlatforms) = postSolution
		{A7D7DFFA-3F02-4148-A3D4-4D5B80B8C159}.Debug|Any CPU.ActiveCfg = Debug|Any CPU
		{A7D7DFFA-3F02-4148-A3D4-4D5B80B8C159}.Debug|Any CPU.Build.0 = Debug|Any CPU
		{A7D7DFFA-3F02-4148-A3D4-4D5B80B8C159}.Release|Any CPU.ActiveCfg = Release|Any CPU
		{A7D7DFFA-3F02-4148-A3D4-4D5B80B8C159}.Release|Any CPU.Build.0 = Release|Any CPU
	EndGlobalSection
	GlobalSection(SolutionProperties) = preSolution
		HideSolutionNode = FALSE
	EndGlobalSection
	GlobalSection(ExtensibilityGlobals) = postSolution
		SolutionGuid = {812E32FD-E18F-400D-AA7B-E9425B286E10}
	EndGlobalSection
EndGlobal
